// !$*UTF8*$!
{
	archiveVersion = 1;
	classes = {
	};
	objectVersion = 56;
	objects = {

/* Begin PBXBuildFile section */
		044BA38C292DF31D00DB3EF0 /* AppDelegate.m in Sources */ = {isa = PBXBuildFile; fileRef = 044BA38B292DF31D00DB3EF0 /* AppDelegate.m */; };
		044BA38F292DF31D00DB3EF0 /* SceneDelegate.m in Sources */ = {isa = PBXBuildFile; fileRef = 044BA38E292DF31D00DB3EF0 /* SceneDelegate.m */; };
		044BA392292DF31D00DB3EF0 /* ViewController.m in Sources */ = {isa = PBXBuildFile; fileRef = 044BA391292DF31D00DB3EF0 /* ViewController.m */; };
		044BA395292DF31D00DB3EF0 /* Main.storyboard in Resources */ = {isa = PBXBuildFile; fileRef = 044BA393292DF31D00DB3EF0 /* Main.storyboard */; };
		044BA397292DF31F00DB3EF0 /* Assets.xcassets in Resources */ = {isa = PBXBuildFile; fileRef = 044BA396292DF31F00DB3EF0 /* Assets.xcassets */; };
		044BA39A292DF31F00DB3EF0 /* LaunchScreen.storyboard in Resources */ = {isa = PBXBuildFile; fileRef = 044BA398292DF31F00DB3EF0 /* LaunchScreen.storyboard */; };
		044BA39D292DF31F00DB3EF0 /* main.m in Sources */ = {isa = PBXBuildFile; fileRef = 044BA39C292DF31F00DB3EF0 /* main.m */; };
		044BA3A7292DF31F00DB3EF0 /* CrashCaptureDemoTests.m in Sources */ = {isa = PBXBuildFile; fileRef = 044BA3A6292DF31F00DB3EF0 /* CrashCaptureDemoTests.m */; };
		044BA3B1292DF31F00DB3EF0 /* CrashCaptureDemoUITests.m in Sources */ = {isa = PBXBuildFile; fileRef = 044BA3B0292DF31F00DB3EF0 /* CrashCaptureDemoUITests.m */; };
		044BA3B3292DF31F00DB3EF0 /* CrashCaptureDemoUITestsLaunchTests.m in Sources */ = {isa = PBXBuildFile; fileRef = 044BA3B2292DF31F00DB3EF0 /* CrashCaptureDemoUITestsLaunchTests.m */; };
		044BA3C2292DF3E900DB3EF0 /* SYUncaughtExceptionHandler.m in Sources */ = {isa = PBXBuildFile; fileRef = 044BA3C1292DF3E900DB3EF0 /* SYUncaughtExceptionHandler.m */; };
/* End PBXBuildFile section */

/* Begin PBXContainerItemProxy section */
		044BA3A3292DF31F00DB3EF0 /* PBXContainerItemProxy */ = {
			isa = PBXContainerItemProxy;
			containerPortal = 044BA37F292DF31D00DB3EF0 /* Project object */;
			proxyType = 1;
			remoteGlobalIDString = 044BA386292DF31D00DB3EF0;
			remoteInfo = CrashCaptureDemo;
		};
		044BA3AD292DF31F00DB3EF0 /* PBXContainerItemProxy */ = {
			isa = PBXContainerItemProxy;
			containerPortal = 044BA37F292DF31D00DB3EF0 /* Project object */;
			proxyType = 1;
			remoteGlobalIDString = 044BA386292DF31D00DB3EF0;
			remoteInfo = CrashCaptureDemo;
		};
/* End PBXContainerItemProxy section */

/* Begin PBXFileReference section */
		044BA387292DF31D00DB3EF0 /* CrashCaptureDemo.app */ = {isa = PBXFileReference; explicitFileType = wrapper.application; includeInIndex = 0; path = CrashCaptureDemo.app; sourceTree = BUILT_PRODUCTS_DIR; };
		044BA38A292DF31D00DB3EF0 /* AppDelegate.h */ = {isa = PBXFileReference; lastKnownFileType = sourcecode.c.h; path = AppDelegate.h; sourceTree = "<group>"; };
		044BA38B292DF31D00DB3EF0 /* AppDelegate.m */ = {isa = PBXFileReference; lastKnownFileType = sourcecode.c.objc; path = AppDelegate.m; sourceTree = "<group>"; };
		044BA38D292DF31D00DB3EF0 /* SceneDelegate.h */ = {isa = PBXFileReference; lastKnownFileType = sourcecode.c.h; path = SceneDelegate.h; sourceTree = "<group>"; };
		044BA38E292DF31D00DB3EF0 /* SceneDelegate.m */ = {isa = PBXFileReference; lastKnownFileType = sourcecode.c.objc; path = SceneDelegate.m; sourceTree = "<group>"; };
		044BA390292DF31D00DB3EF0 /* ViewController.h */ = {isa = PBXFileReference; lastKnownFileType = sourcecode.c.h; path = ViewController.h; sourceTree = "<group>"; };
		044BA391292DF31D00DB3EF0 /* ViewController.m */ = {isa = PBXFileReference; lastKnownFileType = sourcecode.c.objc; path = ViewController.m; sourceTree = "<group>"; };
		044BA394292DF31D00DB3EF0 /* Base */ = {isa = PBXFileReference; lastKnownFileType = file.storyboard; name = Base; path = Base.lproj/Main.storyboard; sourceTree = "<group>"; };
		044BA396292DF31F00DB3EF0 /* Assets.xcassets */ = {isa = PBXFileReference; lastKnownFileType = folder.assetcatalog; path = Assets.xcassets; sourceTree = "<group>"; };
		044BA399292DF31F00DB3EF0 /* Base */ = {isa = PBXFileReference; lastKnownFileType = file.storyboard; name = Base; path = Base.lproj/LaunchScreen.storyboard; sourceTree = "<group>"; };
		044BA39B292DF31F00DB3EF0 /* Info.plist */ = {isa = PBXFileReference; lastKnownFileType = text.plist.xml; path = Info.plist; sourceTree = "<group>"; };
		044BA39C292DF31F00DB3EF0 /* main.m */ = {isa = PBXFileReference; lastKnownFileType = sourcecode.c.objc; path = main.m; sourceTree = "<group>"; };
		044BA3A2292DF31F00DB3EF0 /* CrashCaptureDemoTests.xctest */ = {isa = PBXFileReference; explicitFileType = wrapper.cfbundle; includeInIndex = 0; path = CrashCaptureDemoTests.xctest; sourceTree = BUILT_PRODUCTS_DIR; };
		044BA3A6292DF31F00DB3EF0 /* CrashCaptureDemoTests.m */ = {isa = PBXFileReference; lastKnownFileType = sourcecode.c.objc; path = CrashCaptureDemoTests.m; sourceTree = "<group>"; };
		044BA3AC292DF31F00DB3EF0 /* CrashCaptureDemoUITests.xctest */ = {isa = PBXFileReference; explicitFileType = wrapper.cfbundle; includeInIndex = 0; path = CrashCaptureDemoUITests.xctest; sourceTree = BUILT_PRODUCTS_DIR; };
		044BA3B0292DF31F00DB3EF0 /* CrashCaptureDemoUITests.m */ = {isa = PBXFileReference; lastKnownFileType = sourcecode.c.objc; path = CrashCaptureDemoUITests.m; sourceTree = "<group>"; };
		044BA3B2292DF31F00DB3EF0 /* CrashCaptureDemoUITestsLaunchTests.m */ = {isa = PBXFileReference; lastKnownFileType = sourcecode.c.objc; path = CrashCaptureDemoUITestsLaunchTests.m; sourceTree = "<group>"; };
		044BA3C0292DF3E900DB3EF0 /* SYUncaughtExceptionHandler.h */ = {isa = PBXFileReference; lastKnownFileType = sourcecode.c.h; path = SYUncaughtExceptionHandler.h; sourceTree = "<group>"; };
		044BA3C1292DF3E900DB3EF0 /* SYUncaughtExceptionHandler.m */ = {isa = PBXFileReference; lastKnownFileType = sourcecode.c.objc; path = SYUncaughtExceptionHandler.m; sourceTree = "<group>"; };
/* End PBXFileReference section */

/* Begin PBXFrameworksBuildPhase section */
		044BA384292DF31D00DB3EF0 /* Frameworks */ = {
			isa = PBXFrameworksBuildPhase;
			buildActionMask = 2147483647;
			files = (
			);
			runOnlyForDeploymentPostprocessing = 0;
		};
		044BA39F292DF31F00DB3EF0 /* Frameworks */ = {
			isa = PBXFrameworksBuildPhase;
			buildActionMask = 2147483647;
			files = (
			);
			runOnlyForDeploymentPostprocessing = 0;
		};
		044BA3A9292DF31F00DB3EF0 /* Frameworks */ = {
			isa = PBXFrameworksBuildPhase;
			buildActionMask = 2147483647;
			files = (
			);
			runOnlyForDeploymentPostprocessing = 0;
		};
/* End PBXFrameworksBuildPhase section */

/* Begin PBXGroup section */
		044BA37E292DF31D00DB3EF0 = {
			isa = PBXGroup;
			children = (
				044BA389292DF31D00DB3EF0 /* CrashCaptureDemo */,
				044BA3A5292DF31F00DB3EF0 /* CrashCaptureDemoTests */,
				044BA3AF292DF31F00DB3EF0 /* CrashCaptureDemoUITests */,
				044BA388292DF31D00DB3EF0 /* Products */,
			);
			sourceTree = "<group>";
		};
		044BA388292DF31D00DB3EF0 /* Products */ = {
			isa = PBXGroup;
			children = (
				044BA387292DF31D00DB3EF0 /* CrashCaptureDemo.app */,
				044BA3A2292DF31F00DB3EF0 /* CrashCaptureDemoTests.xctest */,
				044BA3AC292DF31F00DB3EF0 /* CrashCaptureDemoUITests.xctest */,
			);
			name = Products;
			sourceTree = "<group>";
		};
		044BA389292DF31D00DB3EF0 /* CrashCaptureDemo */ = {
			isa = PBXGroup;
			children = (
				044BA3BF292DF35300DB3EF0 /* CatchHelper */,
				044BA38A292DF31D00DB3EF0 /* AppDelegate.h */,
				044BA38B292DF31D00DB3EF0 /* AppDelegate.m */,
				044BA38D292DF31D00DB3EF0 /* SceneDelegate.h */,
				044BA38E292DF31D00DB3EF0 /* SceneDelegate.m */,
				044BA390292DF31D00DB3EF0 /* ViewController.h */,
				044BA391292DF31D00DB3EF0 /* ViewController.m */,
				044BA393292DF31D00DB3EF0 /* Main.storyboard */,
				044BA396292DF31F00DB3EF0 /* Assets.xcassets */,
				044BA398292DF31F00DB3EF0 /* LaunchScreen.storyboard */,
				044BA39B292DF31F00DB3EF0 /* Info.plist */,
				044BA39C292DF31F00DB3EF0 /* main.m */,
			);
			path = CrashCaptureDemo;
			sourceTree = "<group>";
		};
		044BA3A5292DF31F00DB3EF0 /* CrashCaptureDemoTests */ = {
			isa = PBXGroup;
			children = (
				044BA3A6292DF31F00DB3EF0 /* CrashCaptureDemoTests.m */,
			);
			path = CrashCaptureDemoTests;
			sourceTree = "<group>";
		};
		044BA3AF292DF31F00DB3EF0 /* CrashCaptureDemoUITests */ = {
			isa = PBXGroup;
			children = (
				044BA3B0292DF31F00DB3EF0 /* CrashCaptureDemoUITests.m */,
				044BA3B2292DF31F00DB3EF0 /* CrashCaptureDemoUITestsLaunchTests.m */,
			);
			path = CrashCaptureDemoUITests;
			sourceTree = "<group>";
		};
		044BA3BF292DF35300DB3EF0 /* CatchHelper */ = {
			isa = PBXGroup;
			children = (
				044BA3C0292DF3E900DB3EF0 /* SYUncaughtExceptionHandler.h */,
				044BA3C1292DF3E900DB3EF0 /* SYUncaughtExceptionHandler.m */,
			);
			path = CatchHelper;
			sourceTree = "<group>";
		};
/* End PBXGroup section */

/* Begin PBXNativeTarget section */
		044BA386292DF31D00DB3EF0 /* CrashCaptureDemo */ = {
			isa = PBXNativeTarget;
			buildConfigurationList = 044BA3B6292DF31F00DB3EF0 /* Build configuration list for PBXNativeTarget "CrashCaptureDemo" */;
			buildPhases = (
				044BA383292DF31D00DB3EF0 /* Sources */,
				044BA384292DF31D00DB3EF0 /* Frameworks */,
				044BA385292DF31D00DB3EF0 /* Resources */,
			);
			buildRules = (
			);
			dependencies = (
			);
			name = CrashCaptureDemo;
			productName = CrashCaptureDemo;
			productReference = 044BA387292DF31D00DB3EF0 /* CrashCaptureDemo.app */;
			productType = "com.apple.product-type.application";
		};
		044BA3A1292DF31F00DB3EF0 /* CrashCaptureDemoTests */ = {
			isa = PBXNativeTarget;
			buildConfigurationList = 044BA3B9292DF31F00DB3EF0 /* Build configuration list for PBXNativeTarget "CrashCaptureDemoTests" */;
			buildPhases = (
				044BA39E292DF31F00DB3EF0 /* Sources */,
				044BA39F292DF31F00DB3EF0 /* Frameworks */,
				044BA3A0292DF31F00DB3EF0 /* Resources */,
			);
			buildRules = (
			);
			dependencies = (
				044BA3A4292DF31F00DB3EF0 /* PBXTargetDependency */,
			);
			name = CrashCaptureDemoTests;
			productName = CrashCaptureDemoTests;
			productReference = 044BA3A2292DF31F00DB3EF0 /* CrashCaptureDemoTests.xctest */;
			productType = "com.apple.product-type.bundle.unit-test";
		};
		044BA3AB292DF31F00DB3EF0 /* CrashCaptureDemoUITests */ = {
			isa = PBXNativeTarget;
			buildConfigurationList = 044BA3BC292DF31F00DB3EF0 /* Build configuration list for PBXNativeTarget "CrashCaptureDemoUITests" */;
			buildPhases = (
				044BA3A8292DF31F00DB3EF0 /* Sources */,
				044BA3A9292DF31F00DB3EF0 /* Frameworks */,
				044BA3AA292DF31F00DB3EF0 /* Resources */,
			);
			buildRules = (
			);
			dependencies = (
				044BA3AE292DF31F00DB3EF0 /* PBXTargetDependency */,
			);
			name = CrashCaptureDemoUITests;
			productName = CrashCaptureDemoUITests;
			productReference = 044BA3AC292DF31F00DB3EF0 /* CrashCaptureDemoUITests.xctest */;
			productType = "com.apple.product-type.bundle.ui-testing";
		};
/* End PBXNativeTarget section */

/* Begin PBXProject section */
		044BA37F292DF31D00DB3EF0 /* Project object */ = {
			isa = PBXProject;
			attributes = {
				BuildIndependentTargetsInParallel = 1;
				LastUpgradeCheck = 1410;
				TargetAttributes = {
					044BA386292DF31D00DB3EF0 = {
						CreatedOnToolsVersion = 14.1;
					};
					044BA3A1292DF31F00DB3EF0 = {
						CreatedOnToolsVersion = 14.1;
						TestTargetID = 044BA386292DF31D00DB3EF0;
					};
					044BA3AB292DF31F00DB3EF0 = {
						CreatedOnToolsVersion = 14.1;
						TestTargetID = 044BA386292DF31D00DB3EF0;
					};
				};
			};
			buildConfigurationList = 044BA382292DF31D00DB3EF0 /* Build configuration list for PBXProject "CrashCaptureDemo" */;
			compatibilityVersion = "Xcode 14.0";
			developmentRegion = en;
			hasScannedForEncodings = 0;
			knownRegions = (
				en,
				Base,
			);
			mainGroup = 044BA37E292DF31D00DB3EF0;
			productRefGroup = 044BA388292DF31D00DB3EF0 /* Products */;
			projectDirPath = "";
			projectRoot = "";
			targets = (
				044BA386292DF31D00DB3EF0 /* CrashCaptureDemo */,
				044BA3A1292DF31F00DB3EF0 /* CrashCaptureDemoTests */,
				044BA3AB292DF31F00DB3EF0 /* CrashCaptureDemoUITests */,
			);
		};
/* End PBXProject section */

/* Begin PBXResourcesBuildPhase section */
		044BA385292DF31D00DB3EF0 /* Resources */ = {
			isa = PBXResourcesBuildPhase;
			buildActionMask = 2147483647;
			files = (
				044BA39A292DF31F00DB3EF0 /* LaunchScreen.storyboard in Resources */,
				044BA397292DF31F00DB3EF0 /* Assets.xcassets in Resources */,
				044BA395292DF31D00DB3EF0 /* Main.storyboard in Resources */,
			);
			runOnlyForDeploymentPostprocessing = 0;
		};
		044BA3A0292DF31F00DB3EF0 /* Resources */ = {
			isa = PBXResourcesBuildPhase;
			buildActionMask = 2147483647;
			files = (
			);
			runOnlyForDeploymentPostprocessing = 0;
		};
		044BA3AA292DF31F00DB3EF0 /* Resources */ = {
			isa = PBXResourcesBuildPhase;
			buildActionMask = 2147483647;
			files = (
			);
			runOnlyForDeploymentPostprocessing = 0;
		};
/* End PBXResourcesBuildPhase section */

/* Begin PBXSourcesBuildPhase section */
		044BA383292DF31D00DB3EF0 /* Sources */ = {
			isa = PBXSourcesBuildPhase;
			buildActionMask = 2147483647;
			files = (
				044BA3C2292DF3E900DB3EF0 /* SYUncaughtExceptionHandler.m in Sources */,
				044BA392292DF31D00DB3EF0 /* ViewController.m in Sources */,
				044BA38C292DF31D00DB3EF0 /* AppDelegate.m in Sources */,
				044BA39D292DF31F00DB3EF0 /* main.m in Sources */,
				044BA38F292DF31D00DB3EF0 /* SceneDelegate.m in Sources */,
			);
			runOnlyForDeploymentPostprocessing = 0;
		};
		044BA39E292DF31F00DB3EF0 /* Sources */ = {
			isa = PBXSourcesBuildPhase;
			buildActionMask = 2147483647;
			files = (
				044BA3A7292DF31F00DB3EF0 /* CrashCaptureDemoTests.m in Sources */,
			);
			runOnlyForDeploymentPostprocessing = 0;
		};
		044BA3A8292DF31F00DB3EF0 /* Sources */ = {
			isa = PBXSourcesBuildPhase;
			buildActionMask = 2147483647;
			files = (
				044BA3B3292DF31F00DB3EF0 /* CrashCaptureDemoUITestsLaunchTests.m in Sources */,
				044BA3B1292DF31F00DB3EF0 /* CrashCaptureDemoUITests.m in Sources */,
			);
			runOnlyForDeploymentPostprocessing = 0;
		};
/* End PBXSourcesBuildPhase section */

/* Begin PBXTargetDependency section */
		044BA3A4292DF31F00DB3EF0 /* PBXTargetDependency */ = {
			isa = PBXTargetDependency;
			target = 044BA386292DF31D00DB3EF0 /* CrashCaptureDemo */;
			targetProxy = 044BA3A3292DF31F00DB3EF0 /* PBXContainerItemProxy */;
		};
		044BA3AE292DF31F00DB3EF0 /* PBXTargetDependency */ = {
			isa = PBXTargetDependency;
			target = 044BA386292DF31D00DB3EF0 /* CrashCaptureDemo */;
			targetProxy = 044BA3AD292DF31F00DB3EF0 /* PBXContainerItemProxy */;
		};
/* End PBXTargetDependency section */

/* Begin PBXVariantGroup section */
		044BA393292DF31D00DB3EF0 /* Main.storyboard */ = {
			isa = PBXVariantGroup;
			children = (
				044BA394292DF31D00DB3EF0 /* Base */,
			);
			name = Main.storyboard;
			sourceTree = "<group>";
		};
		044BA398292DF31F00DB3EF0 /* LaunchScreen.storyboard */ = {
			isa = PBXVariantGroup;
			children = (
				044BA399292DF31F00DB3EF0 /* Base */,
			);
			name = LaunchScreen.storyboard;
			sourceTree = "<group>";
		};
/* End PBXVariantGroup section */

/* Begin XCBuildConfiguration section */
		044BA3B4292DF31F00DB3EF0 /* Debug */ = {
			isa = XCBuildConfiguration;
			buildSettings = {
				ALWAYS_SEARCH_USER_PATHS = NO;
				CLANG_ANALYZER_NONNULL = YES;
				CLANG_ANALYZER_NUMBER_OBJECT_CONVERSION = YES_AGGRESSIVE;
				CLANG_CXX_LANGUAGE_STANDARD = "gnu++20";
				CLANG_ENABLE_MODULES = YES;
				CLANG_ENABLE_OBJC_ARC = YES;
				CLANG_ENABLE_OBJC_WEAK = YES;
				CLANG_WARN_BLOCK_CAPTURE_AUTORELEASING = YES;
				CLANG_WARN_BOOL_CONVERSION = YES;
				CLANG_WARN_COMMA = YES;
				CLANG_WARN_CONSTANT_CONVERSION = YES;
				CLANG_WARN_DEPRECATED_OBJC_IMPLEMENTATIONS = YES;
				CLANG_WARN_DIRECT_OBJC_ISA_USAGE = YES_ERROR;
				CLANG_WARN_DOCUMENTATION_COMMENTS = YES;
				CLANG_WARN_EMPTY_BODY = YES;
				CLANG_WARN_ENUM_CONVERSION = YES;
				CLANG_WARN_INFINITE_RECURSION = YES;
				CLANG_WARN_INT_CONVERSION = YES;
				CLANG_WARN_NON_LITERAL_NULL_CONVERSION = YES;
				CLANG_WARN_OBJC_IMPLICIT_RETAIN_SELF = YES;
				CLANG_WARN_OBJC_LITERAL_CONVERSION = YES;
				CLANG_WARN_OBJC_ROOT_CLASS = YES_ERROR;
				CLANG_WARN_QUOTED_INCLUDE_IN_FRAMEWORK_HEADER = YES;
				CLANG_WARN_RANGE_LOOP_ANALYSIS = YES;
				CLANG_WARN_STRICT_PROTOTYPES = YES;
				CLANG_WARN_SUSPICIOUS_MOVE = YES;
				CLANG_WARN_UNGUARDED_AVAILABILITY = YES_AGGRESSIVE;
				CLANG_WARN_UNREACHABLE_CODE = YES;
				CLANG_WARN__DUPLICATE_METHOD_MATCH = YES;
				COPY_PHASE_STRIP = NO;
				DEBUG_INFORMATION_FORMAT = dwarf;
				ENABLE_STRICT_OBJC_MSGSEND = YES;
				ENABLE_TESTABILITY = YES;
				GCC_C_LANGUAGE_STANDARD = gnu11;
				GCC_DYNAMIC_NO_PIC = NO;
				GCC_NO_COMMON_BLOCKS = YES;
				GCC_OPTIMIZATION_LEVEL = 0;
				GCC_PREPROCESSOR_DEFINITIONS = (
					"DEBUG=1",
					"$(inherited)",
				);
				GCC_WARN_64_TO_32_BIT_CONVERSION = YES;
				GCC_WARN_ABOUT_RETURN_TYPE = YES_ERROR;
				GCC_WARN_UNDECLARED_SELECTOR = YES;
				GCC_WARN_UNINITIALIZED_AUTOS = YES_AGGRESSIVE;
				GCC_WARN_UNUSED_FUNCTION = YES;
				GCC_WARN_UNUSED_VARIABLE = YES;
				IPHONEOS_DEPLOYMENT_TARGET = 16.1;
				MTL_ENABLE_DEBUG_INFO = INCLUDE_SOURCE;
				MTL_FAST_MATH = YES;
				ONLY_ACTIVE_ARCH = YES;
				SDKROOT = iphoneos;
			};
			name = Debug;
		};
		044BA3B5292DF31F00DB3EF0 /* Release */ = {
			isa = XCBuildConfiguration;
			buildSettings = {
				ALWAYS_SEARCH_USER_PATHS = NO;
				CLANG_ANALYZER_NONNULL = YES;
				CLANG_ANALYZER_NUMBER_OBJECT_CONVERSION = YES_AGGRESSIVE;
				CLANG_CXX_LANGUAGE_STANDARD = "gnu++20";
				CLANG_ENABLE_MODULES = YES;
				CLANG_ENABLE_OBJC_ARC = YES;
				CLANG_ENABLE_OBJC_WEAK = YES;
				CLANG_WARN_BLOCK_CAPTURE_AUTORELEASING = YES;
				CLANG_WARN_BOOL_CONVERSION = YES;
				CLANG_WARN_COMMA = YES;
				CLANG_WARN_CONSTANT_CONVERSION = YES;
				CLANG_WARN_DEPRECATED_OBJC_IMPLEMENTATIONS = YES;
				CLANG_WARN_DIRECT_OBJC_ISA_USAGE = YES_ERROR;
				CLANG_WARN_DOCUMENTATION_COMMENTS = YES;
				CLANG_WARN_EMPTY_BODY = YES;
				CLANG_WARN_ENUM_CONVERSION = YES;
				CLANG_WARN_INFINITE_RECURSION = YES;
				CLANG_WARN_INT_CONVERSION = YES;
				CLANG_WARN_NON_LITERAL_NULL_CONVERSION = YES;
				CLANG_WARN_OBJC_IMPLICIT_RETAIN_SELF = YES;
				CLANG_WARN_OBJC_LITERAL_CONVERSION = YES;
				CLANG_WARN_OBJC_ROOT_CLASS = YES_ERROR;
				CLANG_WARN_QUOTED_INCLUDE_IN_FRAMEWORK_HEADER = YES;
				CLANG_WARN_RANGE_LOOP_ANALYSIS = YES;
				CLANG_WARN_STRICT_PROTOTYPES = YES;
				CLANG_WARN_SUSPICIOUS_MOVE = YES;
				CLANG_WARN_UNGUARDED_AVAILABILITY = YES_AGGRESSIVE;
				CLANG_WARN_UNREACHABLE_CODE = YES;
				CLANG_WARN__DUPLICATE_METHOD_MATCH = YES;
				COPY_PHASE_STRIP = NO;
				DEBUG_INFORMATION_FORMAT = "dwarf-with-dsym";
				ENABLE_NS_ASSERTIONS = NO;
				ENABLE_STRICT_OBJC_MSGSEND = YES;
				GCC_C_LANGUAGE_STANDARD = gnu11;
				GCC_NO_COMMON_BLOCKS = YES;
				GCC_WARN_64_TO_32_BIT_CONVERSION = YES;
				GCC_WARN_ABOUT_RETURN_TYPE = YES_ERROR;
				GCC_WARN_UNDECLARED_SELECTOR = YES;
				GCC_WARN_UNINITIALIZED_AUTOS = YES_AGGRESSIVE;
				GCC_WARN_UNUSED_FUNCTION = YES;
				GCC_WARN_UNUSED_VARIABLE = YES;
				IPHONEOS_DEPLOYMENT_TARGET = 16.1;
				MTL_ENABLE_DEBUG_INFO = NO;
				MTL_FAST_MATH = YES;
				SDKROOT = iphoneos;
				VALIDATE_PRODUCT = YES;
			};
			name = Release;
		};
		044BA3B7292DF31F00DB3EF0 /* Debug */ = {
			isa = XCBuildConfiguration;
			buildSettings = {
				ASSETCATALOG_COMPILER_APPICON_NAME = AppIcon;
				ASSETCATALOG_COMPILER_GLOBAL_ACCENT_COLOR_NAME = AccentColor;
				CODE_SIGN_STYLE = Automatic;
				CURRENT_PROJECT_VERSION = 1;
				GENERATE_INFOPLIST_FILE = YES;
				INFOPLIST_FILE = CrashCaptureDemo/Info.plist;
				INFOPLIST_KEY_UIApplicationSupportsIndirectInputEvents = YES;
				INFOPLIST_KEY_UILaunchStoryboardName = LaunchScreen;
				INFOPLIST_KEY_UIMainStoryboardFile = Main;
				INFOPLIST_KEY_UISupportedInterfaceOrientations_iPad = "UIInterfaceOrientationPortrait UIInterfaceOrientationPortraitUpsideDown UIInterfaceOrientationLandscapeLeft UIInterfaceOrientationLandscapeRight";
				INFOPLIST_KEY_UISupportedInterfaceOrientations_iPhone = "UIInterfaceOrientationPortrait UIInterfaceOrientationLandscapeLeft UIInterfaceOrientationLandscapeRight";
				LD_RUNPATH_SEARCH_PATHS = (
					"$(inherited)",
					"@executable_path/Frameworks",
				);
				MARKETING_VERSION = 1.0;
				PRODUCT_BUNDLE_IDENTIFIER = com.luke.CrashCaptureDemo;
				PRODUCT_NAME = "$(TARGET_NAME)";
				SWIFT_EMIT_LOC_STRINGS = YES;
				TARGETED_DEVICE_FAMILY = "1,2";
			};
			name = Debug;
		};
		044BA3B8292DF31F00DB3EF0 /* Release */ = {
			isa = XCBuildConfiguration;
			buildSettings = {
				ASSETCATALOG_COMPILER_APPICON_NAME = AppIcon;
				ASSETCATALOG_COMPILER_GLOBAL_ACCENT_COLOR_NAME = AccentColor;
				CODE_SIGN_STYLE = Automatic;
				CURRENT_PROJECT_VERSION = 1;
				GENERATE_INFOPLIST_FILE = YES;
				INFOPLIST_FILE = CrashCaptureDemo/Info.plist;
				INFOPLIST_KEY_UIApplicationSupportsIndirectInputEvents = YES;
				INFOPLIST_KEY_UILaunchStoryboardName = LaunchScreen;
				INFOPLIST_KEY_UIMainStoryboardFile = Main;
				INFOPLIST_KEY_UISupportedInterfaceOrientations_iPad = "UIInterfaceOrientationPortrait UIInterfaceOrientationPortraitUpsideDown UIInterfaceOrientationLandscapeLeft UIInterfaceOrientationLandscapeRight";
				INFOPLIST_KEY_UISupportedInterfaceOrientations_iPhone = "UIInterfaceOrientationPortrait UIInterfaceOrientationLandscapeLeft UIInterfaceOrientationLandscapeRight";
				LD_RUNPATH_SEARCH_PATHS = (
					"$(inherited)",
					"@executable_path/Frameworks",
				);
				MARKETING_VERSION = 1.0;
				PRODUCT_BUNDLE_IDENTIFIER = com.luke.CrashCaptureDemo;
				PRODUCT_NAME = "$(TARGET_NAME)";
				SWIFT_EMIT_LOC_STRINGS = YES;
				TARGETED_DEVICE_FAMILY = "1,2";
			};
			name = Release;
		};
		044BA3BA292DF31F00DB3EF0 /* Debug */ = {
			isa = XCBuildConfiguration;
			buildSettings = {
				BUNDLE_LOADER = "$(TEST_HOST)";
				CODE_SIGN_STYLE = Automatic;
				CURRENT_PROJECT_VERSION = 1;
				GENERATE_INFOPLIST_FILE = YES;
				IPHONEOS_DEPLOYMENT_TARGET = 16.1;
				MARKETING_VERSION = 1.0;
				PRODUCT_BUNDLE_IDENTIFIER = com.luke.CrashCaptureDemoTests;
				PRODUCT_NAME = "$(TARGET_NAME)";
				SWIFT_EMIT_LOC_STRINGS = NO;
				TARGETED_DEVICE_FAMILY = "1,2";
				TEST_HOST = "$(BUILT_PRODUCTS_DIR)/CrashCaptureDemo.app/$(BUNDLE_EXECUTABLE_FOLDER_PATH)/CrashCaptureDemo";
			};
			name = Debug;
		};
		044BA3BB292DF31F00DB3EF0 /* Release */ = {
			isa = XCBuildConfiguration;
			buildSettings = {
				BUNDLE_LOADER = "$(TEST_HOST)";
				CODE_SIGN_STYLE = Automatic;
				CURRENT_PROJECT_VERSION = 1;
				GENERATE_INFOPLIST_FILE = YES;
				IPHONEOS_DEPLOYMENT_TARGET = 16.1;
				MARKETING_VERSION = 1.0;
				PRODUCT_BUNDLE_IDENTIFIER = com.luke.CrashCaptureDemoTests;
				PRODUCT_NAME = "$(TARGET_NAME)";
				SWIFT_EMIT_LOC_STRINGS = NO;
				TARGETED_DEVICE_FAMILY = "1,2";
				TEST_HOST = "$(BUILT_PRODUCTS_DIR)/CrashCaptureDemo.app/$(BUNDLE_EXECUTABLE_FOLDER_PATH)/CrashCaptureDemo";
			};
			name = Release;
		};
		044BA3BD292DF31F00DB3EF0 /* Debug */ = {
			isa = XCBuildConfiguration;
			buildSettings = {
				CODE_SIGN_STYLE = Automatic;
				CURRENT_PROJECT_VERSION = 1;
				GENERATE_INFOPLIST_FILE = YES;
				MARKETING_VERSION = 1.0;
				PRODUCT_BUNDLE_IDENTIFIER = com.luke.CrashCaptureDemoUITests;
				PRODUCT_NAME = "$(TARGET_NAME)";
				SWIFT_EMIT_LOC_STRINGS = NO;
				TARGETED_DEVICE_FAMILY = "1,2";
				TEST_TARGET_NAME = CrashCaptureDemo;
			};
			name = Debug;
		};
		044BA3BE292DF31F00DB3EF0 /* Release */ = {
			isa = XCBuildConfiguration;
			buildSettings = {
				CODE_SIGN_STYLE = Automatic;
				CURRENT_PROJECT_VERSION = 1;
				GENERATE_INFOPLIST_FILE = YES;
				MARKETING_VERSION = 1.0;
				PRODUCT_BUNDLE_IDENTIFIER = com.luke.CrashCaptureDemoUITests;
				PRODUCT_NAME = "$(TARGET_NAME)";
				SWIFT_EMIT_LOC_STRINGS = NO;
				TARGETED_DEVICE_FAMILY = "1,2";
				TEST_TARGET_NAME = CrashCaptureDemo;
			};
			name = Release;
		};
/* End XCBuildConfiguration section */

/* Begin XCConfigurationList section */
		044BA382292DF31D00DB3EF0 /* Build configuration list for PBXProject "CrashCaptureDemo" */ = {
			isa = XCConfigurationList;
			buildConfigurations = (
				044BA3B4292DF31F00DB3EF0 /* Debug */,
				044BA3B5292DF31F00DB3EF0 /* Release */,
			);
			defaultConfigurationIsVisible = 0;
			defaultConfigurationName = Release;
		};
		044BA3B6292DF31F00DB3EF0 /* Build configuration list for PBXNativeTarget "CrashCaptureDemo" */ = {
			isa = XCConfigurationList;
			buildConfigurations = (
				044BA3B7292DF31F00DB3EF0 /* Debug */,
				044BA3B8292DF31F00DB3EF0 /* Release */,
			);
			defaultConfigurationIsVisible = 0;
			defaultConfigurationName = Release;
		};
		044BA3B9292DF31F00DB3EF0 /* Build configuration list for PBXNativeTarget "CrashCaptureDemoTests" */ = {
			isa = XCConfigurationList;
			buildConfigurations = (
				044BA3BA292DF31F00DB3EF0 /* Debug */,
				044BA3BB292DF31F00DB3EF0 /* Release */,
			);
			defaultConfigurationIsVisible = 0;
			defaultConfigurationName = Release;
		};
		044BA3BC292DF31F00DB3EF0 /* Build configuration list for PBXNativeTarget "CrashCaptureDemoUITests" */ = {
			isa = XCConfigurationList;
			buildConfigurations = (
				044BA3BD292DF31F00DB3EF0 /* Debug */,
				044BA3BE292DF31F00DB3EF0 /* Release */,
			);
			defaultConfigurationIsVisible = 0;
			defaultConfigurationName = Release;
		};
/* End XCConfigurationList section */
	};
	rootObject = 044BA37F292DF31D00DB3EF0 /* Project object */;
}
